<Solution>
  <Folder Name="/.build/">
    <File Path=".gitignore" />
    <File Path="CLAUDE.md" />
    <File Path="Directory.Packages.props" />
    <File Path="src/Directory.Build.props" />
  </Folder>
  <Folder Name="/src/">
    <Project Path="lib/LiquidGlassAvaloniaUI/LiquidGlassAvaloniaUI.csproj" />
    <Project Path="src/GodMode.AI/GodMode.AI.csproj" />
    <Project Path="src/GodMode.AI.LocalInference.Mac/GodMode.AI.LocalInference.Mac.csproj" />
    <Project Path="src/GodMode.AI.LocalInference.Windows/GodMode.AI.LocalInference.Windows.csproj" />
    <Project Path="src/GodMode.Avalonia/GodMode.Avalonia.csproj" />
    <Project Path="src/GodMode.Avalonia.Android/GodMode.Avalonia.Android.csproj" />
    <Project Path="src/GodMode.Avalonia.Desktop/GodMode.Avalonia.Desktop.csproj" />
    <Project Path="src/GodMode.ClientBase/GodMode.ClientBase.csproj" />
    <Project Path="src/GodMode.Mcp/GodMode.Mcp.csproj" />
    <Project Path="src/GodMode.ProjectFiles/GodMode.ProjectFiles.csproj" />
    <Project Path="src/GodMode.Server/GodMode.Server.csproj" />
    <Project Path="src/GodMode.Shared/GodMode.Shared.csproj" />
    <Project Path="src/GodMode.Voice/GodMode.Voice.csproj" />
    <Project Path="src/GodMode.Voice.Mac/GodMode.Voice.Mac.csproj" />
    <Project Path="src/GodMode.Voice.Android/GodMode.Voice.Android.csproj" />
    <Project Path="src/GodMode.Voice.Windows/GodMode.Voice.Windows.csproj" />
  </Folder>
  <Folder Name="/tests/">
  </Folder>
</Solution>
