<Solution>
  <Folder Name="/.build/">
    <File Path=".gitignore" />
    <File Path="CLAUDE.md" />
    <File Path="Directory.Packages.props" />
    <File Path="src/Directory.Build.props" />
    <File Path=".gitmodules" />
  </Folder>
  <!-- The VoiceBot submodule (git submodule update --init): the projects GodMode.Voice and GodMode.Maui reference -->
  <Folder Name="/external/VoiceBot/">
    <Project Path="external/VoiceBot/src/VoiceBot.Core/VoiceBot.Core.csproj" />
    <Project Path="external/VoiceBot/src/VoiceBot.AI/VoiceBot.AI.csproj" />
    <Project Path="external/VoiceBot/src/Providers/VoiceBot.Providers.Anthropic/VoiceBot.Providers.Anthropic.csproj" />
    <Project Path="external/VoiceBot/src/Providers/VoiceBot.Providers.ElevenLabs/VoiceBot.Providers.ElevenLabs.csproj" />
    <Project Path="external/VoiceBot/src/Providers/VoiceBot.Providers.Windows/VoiceBot.Providers.Windows.csproj" />
  </Folder>
  <Folder Name="/src/">
    <Project Path="src/GodMode.Client.React/GodMode.Client.React.csproj" />
    <Project Path="src/GodMode.ClientBase/GodMode.ClientBase.csproj" />
    <Project Path="src/GodMode.Maui/GodMode.Maui.csproj" />
    <Project Path="src/GodMode.ProjectFiles/GodMode.ProjectFiles.csproj" />
    <Project Path="src/GodMode.Server/GodMode.Server.csproj" />
    <Project Path="src/GodMode.Shared/GodMode.Shared.csproj" />
    <Project Path="src/GodMode.Voice/GodMode.Voice.csproj" />
    <Project Path="src/SignalR.Proxy/SignalR.Proxy.csproj" />
  </Folder>
  <Folder Name="/tests/">
    <Project Path="tests/GodMode.FakeClaude/GodMode.FakeClaude.csproj" />
    <Project Path="tests/GodMode.Relay.Tests/GodMode.Relay.Tests.csproj" />
    <Project Path="tests/GodMode.Server.Tests/GodMode.Server.Tests.csproj" />
    <Project Path="tests/GodMode.Voice.Tests/GodMode.Voice.Tests.csproj" />
  </Folder>
  <Folder Name="/tools/">
    <Project Path="tools/GodMode.TypeGen/GodMode.TypeGen.csproj" />
  </Folder>
</Solution>
